
Microsoft Visual Studio Solution File, Format Version 12.00
# Visual Studio 15
VisualStudioVersion = 15.0.26730.12
MinimumVisualStudioVersion = 10.0.40219.1
Project("{FAE04EC0-301F-11D3-BF4B-00C04F79EFBC}") = "LoanQuoter", "LoanQuoter\LoanQuoter.csproj", "{38791E73-2743-4EEA-9730-4652A728D5BC}"
EndProject
Project("{FAE04EC0-301F-11D3-BF4B-00C04F79EFBC}") = "LoanQuoterTest", "LoanQuoterTest\LoanQuoterTest.csproj", "{14453057-8406-47F1-98A1-03783AE03115}"
EndProject
Global
	GlobalSection(SolutionConfigurationPlatforms) = preSolution
		Debug|Any CPU = Debug|Any CPU
		Release|Any CPU = Release|Any CPU
	EndGlobalSection
	GlobalSection(ProjectConfigurationPlatforms) = postSolution
		{38791E73-2743-4EEA-9730-4652A728D5BC}.Debug|Any CPU.ActiveCfg = Debug|Any CPU
		{38791E73-2743-4EEA-9730-4652A728D5BC}.Debug|Any CPU.Build.0 = Debug|Any CPU
		{38791E73-2743-4EEA-9730-4652A728D5BC}.Release|Any CPU.ActiveCfg = Release|Any CPU
		{38791E73-2743-4EEA-9730-4652A728D5BC}.Release|Any CPU.Build.0 = Release|Any CPU
		{14453057-8406-47F1-98A1-03783AE03115}.Debug|Any CPU.ActiveCfg = Debug|Any CPU
		{14453057-8406-47F1-98A1-03783AE03115}.Debug|Any CPU.Build.0 = Debug|Any CPU
		{14453057-8406-47F1-98A1-03783AE03115}.Release|Any CPU.ActiveCfg = Release|Any CPU
		{14453057-8406-47F1-98A1-03783AE03115}.Release|Any CPU.Build.0 = Release|Any CPU
	EndGlobalSection
	GlobalSection(SolutionProperties) = preSolution
		HideSolutionNode = FALSE
	EndGlobalSection
	GlobalSection(ExtensibilityGlobals) = postSolution
		SolutionGuid = {A45A1C4E-EA9A-46AF-BB70-B7395EEC846F}
	EndGlobalSection
EndGlobal
